
Microsoft Visual Studio Solution File, Format Version 12.00
# Visual Studio Version 17
VisualStudioVersion = 17.0.31903.59
MinimumVisualStudioVersion = 10.0.40219.1
Project("{FAE04EC0-301F-11D3-BF4B-00C04F79EFBC}") = "DevContainer.ApiService", "DevContainer.ApiService\DevContainer.ApiService.csproj", "{BA513A12-2417-451D-BAB9-3D8466022B9D}"
EndProject
Project("{FAE04EC0-301F-11D3-BF4B-00C04F79EFBC}") = "DevContainer.AppHost", "DevContainer.AppHost\DevContainer.AppHost.csproj", "{31E85D07-711E-4B3F-984D-38F459C0E47E}"
EndProject
Project("{FAE04EC0-301F-11D3-BF4B-00C04F79EFBC}") = "DevContainer.ServiceDefaults", "DevContainer.ServiceDefaults\DevContainer.ServiceDefaults.csproj", "{E783AFA2-3695-4281-8F00-0A05F5E1C9AE}"
EndProject
Project("{FAE04EC0-301F-11D3-BF4B-00C04F79EFBC}") = "DevContainer.Web", "DevContainer.Web\DevContainer.Web.csproj", "{77470C06-FB77-41B8-966E-1AEC180FB57F}"
EndProject
Project("{2150E333-8FDC-42A3-9474-1A3956D46DE8}") = "Ressources", "Ressources", "{6AD25F58-EF65-46B1-ABFB-EC20C22B14CD}"
	ProjectSection(SolutionItems) = preProject
		README.md = README.md
	EndProjectSection
EndProject
Global
	GlobalSection(SolutionConfigurationPlatforms) = preSolution
		Debug|Any CPU = Debug|Any CPU
		Release|Any CPU = Release|Any CPU
	EndGlobalSection
	GlobalSection(SolutionProperties) = preSolution
		HideSolutionNode = FALSE
	EndGlobalSection
	GlobalSection(ProjectConfigurationPlatforms) = postSolution
		{BA513A12-2417-451D-BAB9-3D8466022B9D}.Debug|Any CPU.ActiveCfg = Debug|Any CPU
		{BA513A12-2417-451D-BAB9-3D8466022B9D}.Debug|Any CPU.Build.0 = Debug|Any CPU
		{BA513A12-2417-451D-BAB9-3D8466022B9D}.Release|Any CPU.ActiveCfg = Release|Any CPU
		{BA513A12-2417-451D-BAB9-3D8466022B9D}.Release|Any CPU.Build.0 = Release|Any CPU
		{31E85D07-711E-4B3F-984D-38F459C0E47E}.Debug|Any CPU.ActiveCfg = Debug|Any CPU
		{31E85D07-711E-4B3F-984D-38F459C0E47E}.Debug|Any CPU.Build.0 = Debug|Any CPU
		{31E85D07-711E-4B3F-984D-38F459C0E47E}.Release|Any CPU.ActiveCfg = Release|Any CPU
		{31E85D07-711E-4B3F-984D-38F459C0E47E}.Release|Any CPU.Build.0 = Release|Any CPU
		{E783AFA2-3695-4281-8F00-0A05F5E1C9AE}.Debug|Any CPU.ActiveCfg = Debug|Any CPU
		{E783AFA2-3695-4281-8F00-0A05F5E1C9AE}.Debug|Any CPU.Build.0 = Debug|Any CPU
		{E783AFA2-3695-4281-8F00-0A05F5E1C9AE}.Release|Any CPU.ActiveCfg = Release|Any CPU
		{E783AFA2-3695-4281-8F00-0A05F5E1C9AE}.Release|Any CPU.Build.0 = Release|Any CPU
		{77470C06-FB77-41B8-966E-1AEC180FB57F}.Debug|Any CPU.ActiveCfg = Debug|Any CPU
		{77470C06-FB77-41B8-966E-1AEC180FB57F}.Debug|Any CPU.Build.0 = Debug|Any CPU
		{77470C06-FB77-41B8-966E-1AEC180FB57F}.Release|Any CPU.ActiveCfg = Release|Any CPU
		{77470C06-FB77-41B8-966E-1AEC180FB57F}.Release|Any CPU.Build.0 = Release|Any CPU
	EndGlobalSection
EndGlobal
