Microsoft Visual Studio Solution File, Format Version 12.00
# Visual Studio Version 17
VisualStudioVersion = 17.8.0.0
MinimumVisualStudioVersion = 17.8.0.0
Project("{9A19103F-16F7-4668-BE54-9A1E7A4F7556}") = "OpenAI.AppHost", "OpenAI.AppHost\OpenAI.AppHost.csproj", "{6286C530-C373-42D0-8F84-52328E482777}"
EndProject
Project("{9A19103F-16F7-4668-BE54-9A1E7A4F7556}") = "OpenAI.ServiceDefaults", "OpenAI.ServiceDefaults\OpenAI.ServiceDefaults.csproj", "{A756B360-A0BE-42E5-9AB2-5C0018B57926}"
EndProject
Project("{9A19103F-16F7-4668-BE54-9A1E7A4F7556}") = "OpenAI.Web", "OpenAI.Web\OpenAI.Web.csproj", "{204823DF-90B8-4EB2-B843-FC0DCECF1F94}"
EndProject
Project("{FAE04EC0-301F-11D3-BF4B-00C04F79EFBC}") = "OpenAI.SummarizeService", "OpenAI.SummarizeService\OpenAI.SummarizeService.csproj", "{D0FF068C-1F24-489F-A4BA-E2929826A409}"
EndProject
Project("{FAE04EC0-301F-11D3-BF4B-00C04F79EFBC}") = "OpenAI.Shared", "OpenAI.Shared\OpenAI.Shared.csproj", "{C32DE07C-8D18-4D49-845C-80A0EDB559FF}"
EndProject
Project("{2150E333-8FDC-42A3-9474-1A3956D46DE8}") = "Ressources", "Ressources", "{B6107FD7-87AD-4F9A-B588-CD262ED9A4EF}"
	ProjectSection(SolutionItems) = preProject
		README.md = README.md
	EndProjectSection
EndProject
Global
	GlobalSection(SolutionConfigurationPlatforms) = preSolution
		Debug|Any CPU = Debug|Any CPU
		Release|Any CPU = Release|Any CPU
	EndGlobalSection
	GlobalSection(ProjectConfigurationPlatforms) = postSolution
		{6286C530-C373-42D0-8F84-52328E482777}.Debug|Any CPU.ActiveCfg = Debug|Any CPU
		{6286C530-C373-42D0-8F84-52328E482777}.Debug|Any CPU.Build.0 = Debug|Any CPU
		{6286C530-C373-42D0-8F84-52328E482777}.Release|Any CPU.ActiveCfg = Release|Any CPU
		{6286C530-C373-42D0-8F84-52328E482777}.Release|Any CPU.Build.0 = Release|Any CPU
		{A756B360-A0BE-42E5-9AB2-5C0018B57926}.Debug|Any CPU.ActiveCfg = Debug|Any CPU
		{A756B360-A0BE-42E5-9AB2-5C0018B57926}.Debug|Any CPU.Build.0 = Debug|Any CPU
		{A756B360-A0BE-42E5-9AB2-5C0018B57926}.Release|Any CPU.ActiveCfg = Release|Any CPU
		{A756B360-A0BE-42E5-9AB2-5C0018B57926}.Release|Any CPU.Build.0 = Release|Any CPU
		{204823DF-90B8-4EB2-B843-FC0DCECF1F94}.Debug|Any CPU.ActiveCfg = Debug|Any CPU
		{204823DF-90B8-4EB2-B843-FC0DCECF1F94}.Debug|Any CPU.Build.0 = Debug|Any CPU
		{204823DF-90B8-4EB2-B843-FC0DCECF1F94}.Release|Any CPU.ActiveCfg = Release|Any CPU
		{204823DF-90B8-4EB2-B843-FC0DCECF1F94}.Release|Any CPU.Build.0 = Release|Any CPU
		{D0FF068C-1F24-489F-A4BA-E2929826A409}.Debug|Any CPU.ActiveCfg = Debug|Any CPU
		{D0FF068C-1F24-489F-A4BA-E2929826A409}.Debug|Any CPU.Build.0 = Debug|Any CPU
		{D0FF068C-1F24-489F-A4BA-E2929826A409}.Release|Any CPU.ActiveCfg = Release|Any CPU
		{D0FF068C-1F24-489F-A4BA-E2929826A409}.Release|Any CPU.Build.0 = Release|Any CPU
		{C32DE07C-8D18-4D49-845C-80A0EDB559FF}.Debug|Any CPU.ActiveCfg = Debug|Any CPU
		{C32DE07C-8D18-4D49-845C-80A0EDB559FF}.Debug|Any CPU.Build.0 = Debug|Any CPU
		{C32DE07C-8D18-4D49-845C-80A0EDB559FF}.Release|Any CPU.ActiveCfg = Release|Any CPU
		{C32DE07C-8D18-4D49-845C-80A0EDB559FF}.Release|Any CPU.Build.0 = Release|Any CPU
	EndGlobalSection
	GlobalSection(SolutionProperties) = preSolution
		HideSolutionNode = FALSE
	EndGlobalSection
	GlobalSection(ExtensibilityGlobals) = postSolution
		SolutionGuid = {ED555EB7-8AF7-41E8-A773-D970DAE02943}
	EndGlobalSection
EndGlobal
